// !$*UTF8*$!
{
	archiveVersion = 1;
	classes = {
	};
	objectVersion = 56;
	objects = {

/* Begin PBXBuildFile section */
		2B0000010000000000000001 /* SpotterApp.swift in Sources */ = {isa = PBXBuildFile; fileRef = 2A0000010000000000000001 /* SpotterApp.swift */; };
		2B0000020000000000000001 /* ContentView.swift in Sources */ = {isa = PBXBuildFile; fileRef = 2A0000020000000000000001 /* ContentView.swift */; };
		2B0000030000000000000001 /* ARSessionManager.swift in Sources */ = {isa = PBXBuildFile; fileRef = 2A0000030000000000000001 /* ARSessionManager.swift */; };
		2B0000040000000000000001 /* ARViewContainer.swift in Sources */ = {isa = PBXBuildFile; fileRef = 2A0000040000000000000001 /* ARViewContainer.swift */; };
		2B0000050000000000000001 /* SkeletonRenderer.swift in Sources */ = {isa = PBXBuildFile; fileRef = 2A0000050000000000000001 /* SkeletonRenderer.swift */; };
		2B0000060000000000000001 /* CuePlayer.swift in Sources */ = {isa = PBXBuildFile; fileRef = 2A0000060000000000000001 /* CuePlayer.swift */; };
		2B0000070000000000000001 /* UserProfile.swift in Sources */ = {isa = PBXBuildFile; fileRef = 2A0000070000000000000001 /* UserProfile.swift */; };
		2B0000080000000000000001 /* WorkoutLog.swift in Sources */ = {isa = PBXBuildFile; fileRef = 2A0000080000000000000001 /* WorkoutLog.swift */; };
		2B0000090000000000000001 /* WorkoutPlan.swift in Sources */ = {isa = PBXBuildFile; fileRef = 2A0000090000000000000001 /* WorkoutPlan.swift */; };
		2B00000A0000000000000001 /* AngleCalculator.swift in Sources */ = {isa = PBXBuildFile; fileRef = 2A00000A0000000000000001 /* AngleCalculator.swift */; };
		2B00000B0000000000000001 /* FormChecker.swift in Sources */ = {isa = PBXBuildFile; fileRef = 2A00000B0000000000000001 /* FormChecker.swift */; };
		2B00000C0000000000000001 /* PoseFrame.swift in Sources */ = {isa = PBXBuildFile; fileRef = 2A00000C0000000000000001 /* PoseFrame.swift */; };
		2B00000D0000000000000001 /* ProgressionEngine.swift in Sources */ = {isa = PBXBuildFile; fileRef = 2A00000D0000000000000001 /* ProgressionEngine.swift */; };
		2B00000E0000000000000001 /* RepCounter.swift in Sources */ = {isa = PBXBuildFile; fileRef = 2A00000E0000000000000001 /* RepCounter.swift */; };
		2B00000F0000000000000001 /* CurlConfig.swift in Sources */ = {isa = PBXBuildFile; fileRef = 2A00000F0000000000000001 /* CurlConfig.swift */; };
		2B0000100000000000000001 /* DeadliftConfig.swift in Sources */ = {isa = PBXBuildFile; fileRef = 2A0000100000000000000001 /* DeadliftConfig.swift */; };
		2B0000110000000000000001 /* ExerciseConfig.swift in Sources */ = {isa = PBXBuildFile; fileRef = 2A0000110000000000000001 /* ExerciseConfig.swift */; };
		2B0000120000000000000001 /* ExerciseLibrary.swift in Sources */ = {isa = PBXBuildFile; fileRef = 2A0000120000000000000001 /* ExerciseLibrary.swift */; };
		2B0000130000000000000001 /* LungeConfig.swift in Sources */ = {isa = PBXBuildFile; fileRef = 2A0000130000000000000001 /* LungeConfig.swift */; };
		2B0000140000000000000001 /* OverheadPressConfig.swift in Sources */ = {isa = PBXBuildFile; fileRef = 2A0000140000000000000001 /* OverheadPressConfig.swift */; };
		2B0000150000000000000001 /* PlankConfig.swift in Sources */ = {isa = PBXBuildFile; fileRef = 2A0000150000000000000001 /* PlankConfig.swift */; };
		2B0000160000000000000001 /* PushupConfig.swift in Sources */ = {isa = PBXBuildFile; fileRef = 2A0000160000000000000001 /* PushupConfig.swift */; };
		2B0000170000000000000001 /* RowConfig.swift in Sources */ = {isa = PBXBuildFile; fileRef = 2A0000170000000000000001 /* RowConfig.swift */; };
		2B0000180000000000000001 /* SquatConfig.swift in Sources */ = {isa = PBXBuildFile; fileRef = 2A0000180000000000000001 /* SquatConfig.swift */; };
		2B0000190000000000000001 /* OnboardingFlowView.swift in Sources */ = {isa = PBXBuildFile; fileRef = 2A0000190000000000000001 /* OnboardingFlowView.swift */; };
		2B00001A0000000000000001 /* PlanOverviewView.swift in Sources */ = {isa = PBXBuildFile; fileRef = 2A00001A0000000000000001 /* PlanOverviewView.swift */; };
		2B00001B0000000000000001 /* ProfileView.swift in Sources */ = {isa = PBXBuildFile; fileRef = 2A00001B0000000000000001 /* ProfileView.swift */; };
		2B00001C0000000000000001 /* ProgressDashboardView.swift in Sources */ = {isa = PBXBuildFile; fileRef = 2A00001C0000000000000001 /* ProgressDashboardView.swift */; };
		2B00001D0000000000000001 /* ExerciseStartView.swift in Sources */ = {isa = PBXBuildFile; fileRef = 2A00001D0000000000000001 /* ExerciseStartView.swift */; };
		2B00001E0000000000000001 /* TodayView.swift in Sources */ = {isa = PBXBuildFile; fileRef = 2A00001E0000000000000001 /* TodayView.swift */; };
		2B00001F0000000000000001 /* SetSummaryView.swift in Sources */ = {isa = PBXBuildFile; fileRef = 2A00001F0000000000000001 /* SetSummaryView.swift */; };
		2B0000200000000000000001 /* WorkoutSummaryView.swift in Sources */ = {isa = PBXBuildFile; fileRef = 2A0000200000000000000001 /* WorkoutSummaryView.swift */; };
		2B0000210000000000000001 /* WorkoutView.swift in Sources */ = {isa = PBXBuildFile; fileRef = 2A0000210000000000000001 /* WorkoutView.swift */; };
		2B0000220000000000000001 /* Assets.xcassets in Resources */ = {isa = PBXBuildFile; fileRef = 2A0000220000000000000001 /* Assets.xcassets */; };
		2B0000230000000000000001 /* FormReferencePose.swift in Sources */ = {isa = PBXBuildFile; fileRef = 2A0000250000000000000001 /* FormReferencePose.swift */; };
/* End PBXBuildFile section */

/* Begin PBXFileReference section */
		2A0000010000000000000001 /* SpotterApp.swift */ = {isa = PBXFileReference; lastKnownFileType = sourcecode.swift; path = SpotterApp.swift; sourceTree = "<group>"; };
		2A0000020000000000000001 /* ContentView.swift */ = {isa = PBXFileReference; lastKnownFileType = sourcecode.swift; path = ContentView.swift; sourceTree = "<group>"; };
		2A0000030000000000000001 /* ARSessionManager.swift */ = {isa = PBXFileReference; lastKnownFileType = sourcecode.swift; path = ARSessionManager.swift; sourceTree = "<group>"; };
		2A0000040000000000000001 /* ARViewContainer.swift */ = {isa = PBXFileReference; lastKnownFileType = sourcecode.swift; path = ARViewContainer.swift; sourceTree = "<group>"; };
		2A0000050000000000000001 /* SkeletonRenderer.swift */ = {isa = PBXFileReference; lastKnownFileType = sourcecode.swift; path = SkeletonRenderer.swift; sourceTree = "<group>"; };
		2A0000060000000000000001 /* CuePlayer.swift */ = {isa = PBXFileReference; lastKnownFileType = sourcecode.swift; path = CuePlayer.swift; sourceTree = "<group>"; };
		2A0000070000000000000001 /* UserProfile.swift */ = {isa = PBXFileReference; lastKnownFileType = sourcecode.swift; path = UserProfile.swift; sourceTree = "<group>"; };
		2A0000080000000000000001 /* WorkoutLog.swift */ = {isa = PBXFileReference; lastKnownFileType = sourcecode.swift; path = WorkoutLog.swift; sourceTree = "<group>"; };
		2A0000090000000000000001 /* WorkoutPlan.swift */ = {isa = PBXFileReference; lastKnownFileType = sourcecode.swift; path = WorkoutPlan.swift; sourceTree = "<group>"; };
		2A00000A0000000000000001 /* AngleCalculator.swift */ = {isa = PBXFileReference; lastKnownFileType = sourcecode.swift; path = AngleCalculator.swift; sourceTree = "<group>"; };
		2A00000B0000000000000001 /* FormChecker.swift */ = {isa = PBXFileReference; lastKnownFileType = sourcecode.swift; path = FormChecker.swift; sourceTree = "<group>"; };
		2A00000C0000000000000001 /* PoseFrame.swift */ = {isa = PBXFileReference; lastKnownFileType = sourcecode.swift; path = PoseFrame.swift; sourceTree = "<group>"; };
		2A00000D0000000000000001 /* ProgressionEngine.swift */ = {isa = PBXFileReference; lastKnownFileType = sourcecode.swift; path = ProgressionEngine.swift; sourceTree = "<group>"; };
		2A00000E0000000000000001 /* RepCounter.swift */ = {isa = PBXFileReference; lastKnownFileType = sourcecode.swift; path = RepCounter.swift; sourceTree = "<group>"; };
		2A00000F0000000000000001 /* CurlConfig.swift */ = {isa = PBXFileReference; lastKnownFileType = sourcecode.swift; path = CurlConfig.swift; sourceTree = "<group>"; };
		2A0000100000000000000001 /* DeadliftConfig.swift */ = {isa = PBXFileReference; lastKnownFileType = sourcecode.swift; path = DeadliftConfig.swift; sourceTree = "<group>"; };
		2A0000110000000000000001 /* ExerciseConfig.swift */ = {isa = PBXFileReference; lastKnownFileType = sourcecode.swift; path = ExerciseConfig.swift; sourceTree = "<group>"; };
		2A0000120000000000000001 /* ExerciseLibrary.swift */ = {isa = PBXFileReference; lastKnownFileType = sourcecode.swift; path = ExerciseLibrary.swift; sourceTree = "<group>"; };
		2A0000130000000000000001 /* LungeConfig.swift */ = {isa = PBXFileReference; lastKnownFileType = sourcecode.swift; path = LungeConfig.swift; sourceTree = "<group>"; };
		2A0000140000000000000001 /* OverheadPressConfig.swift */ = {isa = PBXFileReference; lastKnownFileType = sourcecode.swift; path = OverheadPressConfig.swift; sourceTree = "<group>"; };
		2A0000150000000000000001 /* PlankConfig.swift */ = {isa = PBXFileReference; lastKnownFileType = sourcecode.swift; path = PlankConfig.swift; sourceTree = "<group>"; };
		2A0000160000000000000001 /* PushupConfig.swift */ = {isa = PBXFileReference; lastKnownFileType = sourcecode.swift; path = PushupConfig.swift; sourceTree = "<group>"; };
		2A0000170000000000000001 /* RowConfig.swift */ = {isa = PBXFileReference; lastKnownFileType = sourcecode.swift; path = RowConfig.swift; sourceTree = "<group>"; };
		2A0000180000000000000001 /* SquatConfig.swift */ = {isa = PBXFileReference; lastKnownFileType = sourcecode.swift; path = SquatConfig.swift; sourceTree = "<group>"; };
		2A0000190000000000000001 /* OnboardingFlowView.swift */ = {isa = PBXFileReference; lastKnownFileType = sourcecode.swift; path = OnboardingFlowView.swift; sourceTree = "<group>"; };
		2A00001A0000000000000001 /* PlanOverviewView.swift */ = {isa = PBXFileReference; lastKnownFileType = sourcecode.swift; path = PlanOverviewView.swift; sourceTree = "<group>"; };
		2A00001B0000000000000001 /* ProfileView.swift */ = {isa = PBXFileReference; lastKnownFileType = sourcecode.swift; path = ProfileView.swift; sourceTree = "<group>"; };
		2A00001C0000000000000001 /* ProgressDashboardView.swift */ = {isa = PBXFileReference; lastKnownFileType = sourcecode.swift; path = ProgressDashboardView.swift; sourceTree = "<group>"; };
		2A00001D0000000000000001 /* ExerciseStartView.swift */ = {isa = PBXFileReference; lastKnownFileType = sourcecode.swift; path = ExerciseStartView.swift; sourceTree = "<group>"; };
		2A00001E0000000000000001 /* TodayView.swift */ = {isa = PBXFileReference; lastKnownFileType = sourcecode.swift; path = TodayView.swift; sourceTree = "<group>"; };
		2A00001F0000000000000001 /* SetSummaryView.swift */ = {isa = PBXFileReference; lastKnownFileType = sourcecode.swift; path = SetSummaryView.swift; sourceTree = "<group>"; };
		2A0000200000000000000001 /* WorkoutSummaryView.swift */ = {isa = PBXFileReference; lastKnownFileType = sourcecode.swift; path = WorkoutSummaryView.swift; sourceTree = "<group>"; };
		2A0000210000000000000001 /* WorkoutView.swift */ = {isa = PBXFileReference; lastKnownFileType = sourcecode.swift; path = WorkoutView.swift; sourceTree = "<group>"; };
		2A0000220000000000000001 /* Assets.xcassets */ = {isa = PBXFileReference; lastKnownFileType = folder.assetcatalog; path = Assets.xcassets; sourceTree = "<group>"; };
		2A0000230000000000000001 /* Info.plist */ = {isa = PBXFileReference; lastKnownFileType = text.plist.xml; path = Info.plist; sourceTree = "<group>"; };
		2A0000240000000000000001 /* Spotter.entitlements */ = {isa = PBXFileReference; lastKnownFileType = text.plist.entitlements; path = Spotter.entitlements; sourceTree = "<group>"; };
		2A0000250000000000000001 /* FormReferencePose.swift */ = {isa = PBXFileReference; lastKnownFileType = sourcecode.swift; path = FormReferencePose.swift; sourceTree = "<group>"; };
		2A0000990000000000000001 /* Spotter.app */ = {isa = PBXFileReference; explicitFileType = wrapper.application; includeInIndex = 0; path = Spotter.app; sourceTree = BUILT_PRODUCTS_DIR; };
/* End PBXFileReference section */

/* Begin PBXFrameworksBuildPhase section */
		2C0000010000000000000001 /* Frameworks */ = {
			isa = PBXFrameworksBuildPhase;
			buildActionMask = 2147483647;
			files = (
			);
			runOnlyForDeploymentPostprocessing = 0;
		};
/* End PBXFrameworksBuildPhase section */

/* Begin PBXGroup section */
		2D0000010000000000000001 = {
			isa = PBXGroup;
			children = (
				2D0000020000000000000001 /* Spotter */,
				2D0000990000000000000001 /* Products */,
			);
			sourceTree = "<group>";
		};
		2D0000020000000000000001 /* Spotter */ = {
			isa = PBXGroup;
			children = (
				2D0000100000000000000001 /* App */,
				2D0000200000000000000001 /* AR */,
				2D0000300000000000000001 /* Audio */,
				2D0000400000000000000001 /* Data */,
				2D0000500000000000000001 /* Engine */,
				2D0000600000000000000001 /* Exercises */,
				2D0000700000000000000001 /* Resources */,
				2D0000800000000000000001 /* UI */,
			);
			path = Spotter;
			sourceTree = "<group>";
		};
		2D0000100000000000000001 /* App */ = {
			isa = PBXGroup;
			children = (
				2A0000010000000000000001 /* SpotterApp.swift */,
				2A0000020000000000000001 /* ContentView.swift */,
			);
			path = App;
			sourceTree = "<group>";
		};
		2D0000200000000000000001 /* AR */ = {
			isa = PBXGroup;
			children = (
				2A0000030000000000000001 /* ARSessionManager.swift */,
				2A0000040000000000000001 /* ARViewContainer.swift */,
				2A0000050000000000000001 /* SkeletonRenderer.swift */,
			);
			path = AR;
			sourceTree = "<group>";
		};
		2D0000300000000000000001 /* Audio */ = {
			isa = PBXGroup;
			children = (
				2A0000060000000000000001 /* CuePlayer.swift */,
			);
			path = Audio;
			sourceTree = "<group>";
		};
		2D0000400000000000000001 /* Data */ = {
			isa = PBXGroup;
			children = (
				2D0000410000000000000001 /* Models */,
			);
			path = Data;
			sourceTree = "<group>";
		};
		2D0000410000000000000001 /* Models */ = {
			isa = PBXGroup;
			children = (
				2A0000070000000000000001 /* UserProfile.swift */,
				2A0000080000000000000001 /* WorkoutLog.swift */,
				2A0000090000000000000001 /* WorkoutPlan.swift */,
			);
			path = Models;
			sourceTree = "<group>";
		};
		2D0000500000000000000001 /* Engine */ = {
			isa = PBXGroup;
			children = (
				2A00000A0000000000000001 /* AngleCalculator.swift */,
				2A00000B0000000000000001 /* FormChecker.swift */,
				2A0000250000000000000001 /* FormReferencePose.swift */,
				2A00000C0000000000000001 /* PoseFrame.swift */,
				2A00000D0000000000000001 /* ProgressionEngine.swift */,
				2A00000E0000000000000001 /* RepCounter.swift */,
			);
			path = Engine;
			sourceTree = "<group>";
		};
		2D0000600000000000000001 /* Exercises */ = {
			isa = PBXGroup;
			children = (
				2A00000F0000000000000001 /* CurlConfig.swift */,
				2A0000100000000000000001 /* DeadliftConfig.swift */,
				2A0000110000000000000001 /* ExerciseConfig.swift */,
				2A0000120000000000000001 /* ExerciseLibrary.swift */,
				2A0000130000000000000001 /* LungeConfig.swift */,
				2A0000140000000000000001 /* OverheadPressConfig.swift */,
				2A0000150000000000000001 /* PlankConfig.swift */,
				2A0000160000000000000001 /* PushupConfig.swift */,
				2A0000170000000000000001 /* RowConfig.swift */,
				2A0000180000000000000001 /* SquatConfig.swift */,
			);
			path = Exercises;
			sourceTree = "<group>";
		};
		2D0000700000000000000001 /* Resources */ = {
			isa = PBXGroup;
			children = (
				2A0000220000000000000001 /* Assets.xcassets */,
				2A0000230000000000000001 /* Info.plist */,
				2A0000240000000000000001 /* Spotter.entitlements */,
			);
			path = Resources;
			sourceTree = "<group>";
		};
		2D0000800000000000000001 /* UI */ = {
			isa = PBXGroup;
			children = (
				2D0000810000000000000001 /* Onboarding */,
				2D0000820000000000000001 /* Plan */,
				2D0000830000000000000001 /* Profile */,
				2D0000840000000000000001 /* Progress */,
				2D0000850000000000000001 /* Today */,
				2D0000860000000000000001 /* Workout */,
			);
			path = UI;
			sourceTree = "<group>";
		};
		2D0000810000000000000001 /* Onboarding */ = {
			isa = PBXGroup;
			children = (
				2A0000190000000000000001 /* OnboardingFlowView.swift */,
			);
			path = Onboarding;
			sourceTree = "<group>";
		};
		2D0000820000000000000001 /* Plan */ = {
			isa = PBXGroup;
			children = (
				2A00001A0000000000000001 /* PlanOverviewView.swift */,
			);
			path = Plan;
			sourceTree = "<group>";
		};
		2D0000830000000000000001 /* Profile */ = {
			isa = PBXGroup;
			children = (
				2A00001B0000000000000001 /* ProfileView.swift */,
			);
			path = Profile;
			sourceTree = "<group>";
		};
		2D0000840000000000000001 /* Progress */ = {
			isa = PBXGroup;
			children = (
				2A00001C0000000000000001 /* ProgressDashboardView.swift */,
			);
			path = Progress;
			sourceTree = "<group>";
		};
		2D0000850000000000000001 /* Today */ = {
			isa = PBXGroup;
			children = (
				2A00001D0000000000000001 /* ExerciseStartView.swift */,
				2A00001E0000000000000001 /* TodayView.swift */,
			);
			path = Today;
			sourceTree = "<group>";
		};
		2D0000860000000000000001 /* Workout */ = {
			isa = PBXGroup;
			children = (
				2A00001F0000000000000001 /* SetSummaryView.swift */,
				2A0000200000000000000001 /* WorkoutSummaryView.swift */,
				2A0000210000000000000001 /* WorkoutView.swift */,
			);
			path = Workout;
			sourceTree = "<group>";
		};
		2D0000990000000000000001 /* Products */ = {
			isa = PBXGroup;
			children = (
				2A0000990000000000000001 /* Spotter.app */,
			);
			name = Products;
			sourceTree = "<group>";
		};
/* End PBXGroup section */

/* Begin PBXNativeTarget section */
		2E0000010000000000000001 /* Spotter */ = {
			isa = PBXNativeTarget;
			buildConfigurationList = 2F0000020000000000000001 /* Build configuration list for PBXNativeTarget "Spotter" */;
			buildPhases = (
				2C0000020000000000000001 /* Sources */,
				2C0000010000000000000001 /* Frameworks */,
				2C0000030000000000000001 /* Resources */,
			);
			buildRules = (
			);
			dependencies = (
			);
			name = Spotter;
			productName = Spotter;
			productReference = 2A0000990000000000000001 /* Spotter.app */;
			productType = "com.apple.product-type.application";
		};
/* End PBXNativeTarget section */

/* Begin PBXProject section */
		2F0000010000000000000001 /* Project object */ = {
			isa = PBXProject;
			attributes = {
				BuildIndependentTargetsInParallel = 1;
				LastSwiftUpdateCheck = 1500;
				LastUpgradeCheck = 2640;
				TargetAttributes = {
					2E0000010000000000000001 = {
						CreatedOnToolsVersion = 15.0;
					};
				};
			};
			buildConfigurationList = 2F0000030000000000000001 /* Build configuration list for PBXProject "Spotter" */;
			compatibilityVersion = "Xcode 14.0";
			developmentRegion = en;
			hasScannedForEncodings = 0;
			knownRegions = (
				en,
				Base,
			);
			mainGroup = 2D0000010000000000000001;
			productRefGroup = 2D0000990000000000000001 /* Products */;
			projectDirPath = "";
			projectRoot = "";
			targets = (
				2E0000010000000000000001 /* Spotter */,
			);
		};
/* End PBXProject section */

/* Begin PBXResourcesBuildPhase section */
		2C0000030000000000000001 /* Resources */ = {
			isa = PBXResourcesBuildPhase;
			buildActionMask = 2147483647;
			files = (
				2B0000220000000000000001 /* Assets.xcassets in Resources */,
			);
			runOnlyForDeploymentPostprocessing = 0;
		};
/* End PBXResourcesBuildPhase section */

/* Begin PBXSourcesBuildPhase section */
		2C0000020000000000000001 /* Sources */ = {
			isa = PBXSourcesBuildPhase;
			buildActionMask = 2147483647;
			files = (
				2B0000010000000000000001 /* SpotterApp.swift in Sources */,
				2B0000020000000000000001 /* ContentView.swift in Sources */,
				2B0000030000000000000001 /* ARSessionManager.swift in Sources */,
				2B0000040000000000000001 /* ARViewContainer.swift in Sources */,
				2B0000050000000000000001 /* SkeletonRenderer.swift in Sources */,
				2B0000060000000000000001 /* CuePlayer.swift in Sources */,
				2B0000070000000000000001 /* UserProfile.swift in Sources */,
				2B0000080000000000000001 /* WorkoutLog.swift in Sources */,
				2B0000090000000000000001 /* WorkoutPlan.swift in Sources */,
				2B00000A0000000000000001 /* AngleCalculator.swift in Sources */,
				2B00000B0000000000000001 /* FormChecker.swift in Sources */,
				2B00000C0000000000000001 /* PoseFrame.swift in Sources */,
				2B00000D0000000000000001 /* ProgressionEngine.swift in Sources */,
				2B00000E0000000000000001 /* RepCounter.swift in Sources */,
				2B00000F0000000000000001 /* CurlConfig.swift in Sources */,
				2B0000100000000000000001 /* DeadliftConfig.swift in Sources */,
				2B0000110000000000000001 /* ExerciseConfig.swift in Sources */,
				2B0000120000000000000001 /* ExerciseLibrary.swift in Sources */,
				2B0000130000000000000001 /* LungeConfig.swift in Sources */,
				2B0000140000000000000001 /* OverheadPressConfig.swift in Sources */,
				2B0000150000000000000001 /* PlankConfig.swift in Sources */,
				2B0000160000000000000001 /* PushupConfig.swift in Sources */,
				2B0000170000000000000001 /* RowConfig.swift in Sources */,
				2B0000180000000000000001 /* SquatConfig.swift in Sources */,
				2B0000190000000000000001 /* OnboardingFlowView.swift in Sources */,
				2B00001A0000000000000001 /* PlanOverviewView.swift in Sources */,
				2B00001B0000000000000001 /* ProfileView.swift in Sources */,
				2B00001C0000000000000001 /* ProgressDashboardView.swift in Sources */,
				2B00001D0000000000000001 /* ExerciseStartView.swift in Sources */,
				2B00001E0000000000000001 /* TodayView.swift in Sources */,
				2B00001F0000000000000001 /* SetSummaryView.swift in Sources */,
				2B0000200000000000000001 /* WorkoutSummaryView.swift in Sources */,
				2B0000210000000000000001 /* WorkoutView.swift in Sources */,
				2B0000230000000000000001 /* FormReferencePose.swift in Sources */,
			);
			runOnlyForDeploymentPostprocessing = 0;
		};
/* End PBXSourcesBuildPhase section */

/* Begin XCBuildConfiguration section */
		3A0000010000000000000001 /* Debug */ = {
			isa = XCBuildConfiguration;
			buildSettings = {
				ALWAYS_SEARCH_USER_PATHS = NO;
				ASSETCATALOG_COMPILER_GENERATE_SWIFT_ASSET_SYMBOL_EXTENSIONS = YES;
				CLANG_ANALYZER_NONNULL = YES;
				CLANG_ANALYZER_NUMBER_OBJECT_CONVERSION = YES_AGGRESSIVE;
				CLANG_CXX_LANGUAGE_STANDARD = "gnu++20";
				CLANG_ENABLE_MODULES = YES;
				CLANG_ENABLE_OBJC_ARC = YES;
				CLANG_ENABLE_OBJC_WEAK = YES;
				CLANG_WARN_BLOCK_CAPTURE_AUTORELEASING = YES;
				CLANG_WARN_BOOL_CONVERSION = YES;
				CLANG_WARN_COMMA = YES;
				CLANG_WARN_CONSTANT_CONVERSION = YES;
				CLANG_WARN_DEPRECATED_OBJC_IMPLEMENTATIONS = YES;
				CLANG_WARN_DIRECT_OBJC_ISA_USAGE = YES_ERROR;
				CLANG_WARN_DOCUMENTATION_COMMENTS = YES;
				CLANG_WARN_EMPTY_BODY = YES;
				CLANG_WARN_ENUM_CONVERSION = YES;
				CLANG_WARN_INFINITE_RECURSION = YES;
				CLANG_WARN_INT_CONVERSION = YES;
				CLANG_WARN_NON_LITERAL_NULL_CONVERSION = YES;
				CLANG_WARN_OBJC_IMPLICIT_RETAIN_SELF = YES;
				CLANG_WARN_OBJC_LITERAL_CONVERSION = YES;
				CLANG_WARN_OBJC_ROOT_CLASS = YES_ERROR;
				CLANG_WARN_QUOTED_INCLUDE_IN_FRAMEWORK_HEADER = YES;
				CLANG_WARN_RANGE_LOOP_ANALYSIS = YES;
				CLANG_WARN_STRICT_PROTOTYPES = YES;
				CLANG_WARN_SUSPICIOUS_MOVE = YES;
				CLANG_WARN_UNGUARDED_AVAILABILITY = YES_AGGRESSIVE;
				CLANG_WARN_UNREACHABLE_CODE = YES;
				CLANG_WARN__DUPLICATE_METHOD_MATCH = YES;
				COPY_PHASE_STRIP = NO;
				DEBUG_INFORMATION_FORMAT = dwarf;
				DEVELOPMENT_TEAM = K2RDPBXAKJ;
				ENABLE_STRICT_OBJC_MSGSEND = YES;
				ENABLE_TESTABILITY = YES;
				ENABLE_USER_SCRIPT_SANDBOXING = YES;
				GCC_C_LANGUAGE_STANDARD = gnu17;
				GCC_DYNAMIC_NO_PIC = NO;
				GCC_NO_COMMON_BLOCKS = YES;
				GCC_OPTIMIZATION_LEVEL = 0;
				GCC_PREPROCESSOR_DEFINITIONS = (
					"DEBUG=1",
					"$(inherited)",
				);
				GCC_WARN_64_TO_32_BIT_CONVERSION = YES;
				GCC_WARN_ABOUT_RETURN_TYPE = YES_ERROR;
				GCC_WARN_UNDECLARED_SELECTOR = YES;
				GCC_WARN_UNINITIALIZED_AUTOS = YES_AGGRESSIVE;
				GCC_WARN_UNUSED_FUNCTION = YES;
				GCC_WARN_UNUSED_VARIABLE = YES;
				IPHONEOS_DEPLOYMENT_TARGET = 18.0;
				LOCALIZATION_PREFERS_STRING_CATALOGS = YES;
				MTL_ENABLE_DEBUG_INFO = INCLUDE_SOURCE;
				MTL_FAST_MATH = YES;
				ONLY_ACTIVE_ARCH = YES;
				SDKROOT = iphoneos;
				STRING_CATALOG_GENERATE_SYMBOLS = YES;
				SWIFT_ACTIVE_COMPILATION_CONDITIONS = "DEBUG $(inherited)";
				SWIFT_OPTIMIZATION_LEVEL = "-Onone";
			};
			name = Debug;
		};
		3A0000020000000000000001 /* Release */ = {
			isa = XCBuildConfiguration;
			buildSettings = {
				ALWAYS_SEARCH_USER_PATHS = NO;
				ASSETCATALOG_COMPILER_GENERATE_SWIFT_ASSET_SYMBOL_EXTENSIONS = YES;
				CLANG_ANALYZER_NONNULL = YES;
				CLANG_ANALYZER_NUMBER_OBJECT_CONVERSION = YES_AGGRESSIVE;
				CLANG_CXX_LANGUAGE_STANDARD = "gnu++20";
				CLANG_ENABLE_MODULES = YES;
				CLANG_ENABLE_OBJC_ARC = YES;
				CLANG_ENABLE_OBJC_WEAK = YES;
				CLANG_WARN_BLOCK_CAPTURE_AUTORELEASING = YES;
				CLANG_WARN_BOOL_CONVERSION = YES;
				CLANG_WARN_COMMA = YES;
				CLANG_WARN_CONSTANT_CONVERSION = YES;
				CLANG_WARN_DEPRECATED_OBJC_IMPLEMENTATIONS = YES;
				CLANG_WARN_DIRECT_OBJC_ISA_USAGE = YES_ERROR;
				CLANG_WARN_DOCUMENTATION_COMMENTS = YES;
				CLANG_WARN_EMPTY_BODY = YES;
				CLANG_WARN_ENUM_CONVERSION = YES;
				CLANG_WARN_INFINITE_RECURSION = YES;
				CLANG_WARN_INT_CONVERSION = YES;
				CLANG_WARN_NON_LITERAL_NULL_CONVERSION = YES;
				CLANG_WARN_OBJC_IMPLICIT_RETAIN_SELF = YES;
				CLANG_WARN_OBJC_LITERAL_CONVERSION = YES;
				CLANG_WARN_OBJC_ROOT_CLASS = YES_ERROR;
				CLANG_WARN_QUOTED_INCLUDE_IN_FRAMEWORK_HEADER = YES;
				CLANG_WARN_RANGE_LOOP_ANALYSIS = YES;
				CLANG_WARN_STRICT_PROTOTYPES = YES;
				CLANG_WARN_SUSPICIOUS_MOVE = YES;
				CLANG_WARN_UNGUARDED_AVAILABILITY = YES_AGGRESSIVE;
				CLANG_WARN_UNREACHABLE_CODE = YES;
				CLANG_WARN__DUPLICATE_METHOD_MATCH = YES;
				COPY_PHASE_STRIP = NO;
				DEBUG_INFORMATION_FORMAT = "dwarf-with-dsym";
				DEVELOPMENT_TEAM = K2RDPBXAKJ;
				ENABLE_NS_ASSERTIONS = NO;
				ENABLE_STRICT_OBJC_MSGSEND = YES;
				ENABLE_USER_SCRIPT_SANDBOXING = YES;
				GCC_C_LANGUAGE_STANDARD = gnu17;
				GCC_NO_COMMON_BLOCKS = YES;
				GCC_WARN_64_TO_32_BIT_CONVERSION = YES;
				GCC_WARN_ABOUT_RETURN_TYPE = YES_ERROR;
				GCC_WARN_UNDECLARED_SELECTOR = YES;
				GCC_WARN_UNINITIALIZED_AUTOS = YES_AGGRESSIVE;
				GCC_WARN_UNUSED_FUNCTION = YES;
				GCC_WARN_UNUSED_VARIABLE = YES;
				IPHONEOS_DEPLOYMENT_TARGET = 18.0;
				LOCALIZATION_PREFERS_STRING_CATALOGS = YES;
				MTL_ENABLE_DEBUG_INFO = NO;
				MTL_FAST_MATH = YES;
				SDKROOT = iphoneos;
				STRING_CATALOG_GENERATE_SYMBOLS = YES;
				SWIFT_COMPILATION_MODE = wholemodule;
				VALIDATE_PRODUCT = YES;
			};
			name = Release;
		};
		3B0000010000000000000001 /* Debug */ = {
			isa = XCBuildConfiguration;
			buildSettings = {
				ASSETCATALOG_COMPILER_APPICON_NAME = AppIcon;
				CODE_SIGN_ENTITLEMENTS = Spotter/Resources/Spotter.entitlements;
				CODE_SIGN_STYLE = Automatic;
				CURRENT_PROJECT_VERSION = 1;
				ENABLE_PREVIEWS = YES;
				GENERATE_INFOPLIST_FILE = NO;
				INFOPLIST_FILE = Spotter/Resources/Info.plist;
				INFOPLIST_KEY_UIApplicationSceneManifest_Generation = YES;
				INFOPLIST_KEY_UIApplicationSupportsIndirectInputEvents = YES;
				INFOPLIST_KEY_UILaunchScreen_Generation = YES;
				INFOPLIST_KEY_UISupportedInterfaceOrientations = UIInterfaceOrientationPortrait;
				LD_RUNPATH_SEARCH_PATHS = (
					"$(inherited)",
					"@executable_path/Frameworks",
				);
				MARKETING_VERSION = 1.0;
				PRODUCT_BUNDLE_IDENTIFIER = com.anushreeberlia.spotter;
				PRODUCT_NAME = "$(TARGET_NAME)";
				SUPPORTED_PLATFORMS = "iphoneos iphonesimulator";
				SUPPORTS_MACCATALYST = NO;
				SWIFT_EMIT_LOC_STRINGS = YES;
				SWIFT_VERSION = 5.0;
				TARGETED_DEVICE_FAMILY = 1;
			};
			name = Debug;
		};
		3B0000020000000000000001 /* Release */ = {
			isa = XCBuildConfiguration;
			buildSettings = {
				ASSETCATALOG_COMPILER_APPICON_NAME = AppIcon;
				CODE_SIGN_ENTITLEMENTS = Spotter/Resources/Spotter.entitlements;
				CODE_SIGN_STYLE = Automatic;
				CURRENT_PROJECT_VERSION = 1;
				ENABLE_PREVIEWS = YES;
				GENERATE_INFOPLIST_FILE = NO;
				INFOPLIST_FILE = Spotter/Resources/Info.plist;
				INFOPLIST_KEY_UIApplicationSceneManifest_Generation = YES;
				INFOPLIST_KEY_UIApplicationSupportsIndirectInputEvents = YES;
				INFOPLIST_KEY_UILaunchScreen_Generation = YES;
				INFOPLIST_KEY_UISupportedInterfaceOrientations = UIInterfaceOrientationPortrait;
				LD_RUNPATH_SEARCH_PATHS = (
					"$(inherited)",
					"@executable_path/Frameworks",
				);
				MARKETING_VERSION = 1.0;
				PRODUCT_BUNDLE_IDENTIFIER = com.anushreeberlia.spotter;
				PRODUCT_NAME = "$(TARGET_NAME)";
				SUPPORTED_PLATFORMS = "iphoneos iphonesimulator";
				SUPPORTS_MACCATALYST = NO;
				SWIFT_EMIT_LOC_STRINGS = YES;
				SWIFT_VERSION = 5.0;
				TARGETED_DEVICE_FAMILY = 1;
			};
			name = Release;
		};
/* End XCBuildConfiguration section */

/* Begin XCConfigurationList section */
		2F0000020000000000000001 /* Build configuration list for PBXNativeTarget "Spotter" */ = {
			isa = XCConfigurationList;
			buildConfigurations = (
				3B0000010000000000000001 /* Debug */,
				3B0000020000000000000001 /* Release */,
			);
			defaultConfigurationIsVisible = 0;
			defaultConfigurationName = Release;
		};
		2F0000030000000000000001 /* Build configuration list for PBXProject "Spotter" */ = {
			isa = XCConfigurationList;
			buildConfigurations = (
				3A0000010000000000000001 /* Debug */,
				3A0000020000000000000001 /* Release */,
			);
			defaultConfigurationIsVisible = 0;
			defaultConfigurationName = Release;
		};
/* End XCConfigurationList section */
	};
	rootObject = 2F0000010000000000000001 /* Project object */;
}
